
Microsoft Visual Studio Solution File, Format Version 12.00
# Visual Studio 15
VisualStudioVersion = 15.0.28307.572
MinimumVisualStudioVersion = 10.0.40219.1
Project("{FAE04EC0-301F-11D3-BF4B-00C04F79EFBC}") = "1000_zadach_po_programmirovaniyu_BOOLEAN", "1000_zadach_po_programmirovaniyu_BOOLEAN\1000_zadach_po_programmirovaniyu_BOOLEAN.csproj", "{2905D9DE-0112-4F04-B073-4906E721E0DD}"
EndProject
Global
	GlobalSection(SolutionConfigurationPlatforms) = preSolution
		Debug|Any CPU = Debug|Any CPU
		Release|Any CPU = Release|Any CPU
	EndGlobalSection
	GlobalSection(ProjectConfigurationPlatforms) = postSolution
		{2905D9DE-0112-4F04-B073-4906E721E0DD}.Debug|Any CPU.ActiveCfg = Debug|Any CPU
		{2905D9DE-0112-4F04-B073-4906E721E0DD}.Debug|Any CPU.Build.0 = Debug|Any CPU
		{2905D9DE-0112-4F04-B073-4906E721E0DD}.Release|Any CPU.ActiveCfg = Release|Any CPU
		{2905D9DE-0112-4F04-B073-4906E721E0DD}.Release|Any CPU.Build.0 = Release|Any CPU
	EndGlobalSection
	GlobalSection(SolutionProperties) = preSolution
		HideSolutionNode = FALSE
	EndGlobalSection
	GlobalSection(ExtensibilityGlobals) = postSolution
		SolutionGuid = {AE2B1703-134F-4B41-BFEE-9BA1727C3D75}
	EndGlobalSection
EndGlobal
