
Microsoft Visual Studio Solution File, Format Version 12.00
# Visual Studio 15
VisualStudioVersion = 15.0.28307.572
MinimumVisualStudioVersion = 10.0.40219.1
Project("{FAE04EC0-301F-11D3-BF4B-00C04F79EFBC}") = "1000_zadach_po_programmirovaniyu_BOOLEAN", "1000_zadach_po_programmirovaniyu_BOOLEAN\1000_zadach_po_programmirovaniyu_BOOLEAN.csproj", "{2905D9DE-0112-4F04-B073-4906E721E0DD}"
EndProject
Project("{FAE04EC0-301F-11D3-BF4B-00C04F79EFBC}") = "001_BOOLEAN", "001_BOOLEAN\001_BOOLEAN.csproj", "{FB8E440E-2B74-40D4-A539-AC72D247A5FF}"
EndProject
Project("{FAE04EC0-301F-11D3-BF4B-00C04F79EFBC}") = "002_BOOLEAN", "002_BOOLEAN\002_BOOLEAN.csproj", "{983C0D72-49CC-4F59-8E98-63D14792931D}"
EndProject
Project("{FAE04EC0-301F-11D3-BF4B-00C04F79EFBC}") = "003_BOOLEAN", "003_BOOLEAN\003_BOOLEAN.csproj", "{4D383669-C6FA-49FD-A982-7DA6592079E5}"
EndProject
Project("{FAE04EC0-301F-11D3-BF4B-00C04F79EFBC}") = "004_BOOLEAN", "004_BOOLEAN\004_BOOLEAN.csproj", "{FB4958B7-8558-406A-9581-1CFCF60112D4}"
EndProject
Project("{FAE04EC0-301F-11D3-BF4B-00C04F79EFBC}") = "005_BOOLEAN", "005_BOOLEAN\005_BOOLEAN.csproj", "{93D2E87E-F018-41C6-A71E-E0459B03B262}"
EndProject
Project("{FAE04EC0-301F-11D3-BF4B-00C04F79EFBC}") = "006_BOOLEAN", "006_BOOLEAN\006_BOOLEAN.csproj", "{AA79C9B8-BCC1-412B-A555-7DFBFE7D681B}"
EndProject
Project("{FAE04EC0-301F-11D3-BF4B-00C04F79EFBC}") = "007_BOOLEAN", "007_BOOLEAN\007_BOOLEAN.csproj", "{AD9BAA97-E5C6-400A-8F48-A4DAC8D625B4}"
EndProject
Project("{FAE04EC0-301F-11D3-BF4B-00C04F79EFBC}") = "008_BOOLEAN", "008_BOOLEAN\008_BOOLEAN.csproj", "{D6D3CFBE-B7DE-4F59-86B4-422098F678F7}"
EndProject
Project("{FAE04EC0-301F-11D3-BF4B-00C04F79EFBC}") = "009_BOOLEAN", "009_BOOLEAN\009_BOOLEAN.csproj", "{055E5DF8-D0B0-44EE-AFD7-1106D01C94CC}"
EndProject
Project("{FAE04EC0-301F-11D3-BF4B-00C04F79EFBC}") = "010_BOOLEAN", "010_BOOLEAN\010_BOOLEAN.csproj", "{253F002D-65A1-4425-A014-C89D3477EA17}"
EndProject
Project("{FAE04EC0-301F-11D3-BF4B-00C04F79EFBC}") = "011_BOOLEAN", "011_BOOLEAN\011_BOOLEAN.csproj", "{46E15A2D-BF9E-461C-B7DD-C28247D0D451}"
EndProject
Project("{FAE04EC0-301F-11D3-BF4B-00C04F79EFBC}") = "012_BOOLEAN", "012_BOOLEAN\012_BOOLEAN.csproj", "{2F03CEAF-A434-4D03-A626-18705632C53C}"
EndProject
Project("{FAE04EC0-301F-11D3-BF4B-00C04F79EFBC}") = "013_BOOLEAN", "013_BOOLEAN\013_BOOLEAN.csproj", "{2344BED5-9CF2-40A8-B722-FFD1D554296C}"
EndProject
Project("{FAE04EC0-301F-11D3-BF4B-00C04F79EFBC}") = "014_BOOLEAN", "014_BOOLEAN\014_BOOLEAN.csproj", "{285AB8B3-EE8A-4C84-B415-76F547F4D9C8}"
EndProject
Global
	GlobalSection(SolutionConfigurationPlatforms) = preSolution
		Debug|Any CPU = Debug|Any CPU
		Release|Any CPU = Release|Any CPU
	EndGlobalSection
	GlobalSection(ProjectConfigurationPlatforms) = postSolution
		{2905D9DE-0112-4F04-B073-4906E721E0DD}.Debug|Any CPU.ActiveCfg = Debug|Any CPU
		{2905D9DE-0112-4F04-B073-4906E721E0DD}.Debug|Any CPU.Build.0 = Debug|Any CPU
		{2905D9DE-0112-4F04-B073-4906E721E0DD}.Release|Any CPU.ActiveCfg = Release|Any CPU
		{2905D9DE-0112-4F04-B073-4906E721E0DD}.Release|Any CPU.Build.0 = Release|Any CPU
		{FB8E440E-2B74-40D4-A539-AC72D247A5FF}.Debug|Any CPU.ActiveCfg = Debug|Any CPU
		{FB8E440E-2B74-40D4-A539-AC72D247A5FF}.Debug|Any CPU.Build.0 = Debug|Any CPU
		{FB8E440E-2B74-40D4-A539-AC72D247A5FF}.Release|Any CPU.ActiveCfg = Release|Any CPU
		{FB8E440E-2B74-40D4-A539-AC72D247A5FF}.Release|Any CPU.Build.0 = Release|Any CPU
		{983C0D72-49CC-4F59-8E98-63D14792931D}.Debug|Any CPU.ActiveCfg = Debug|Any CPU
		{983C0D72-49CC-4F59-8E98-63D14792931D}.Debug|Any CPU.Build.0 = Debug|Any CPU
		{983C0D72-49CC-4F59-8E98-63D14792931D}.Release|Any CPU.ActiveCfg = Release|Any CPU
		{983C0D72-49CC-4F59-8E98-63D14792931D}.Release|Any CPU.Build.0 = Release|Any CPU
		{4D383669-C6FA-49FD-A982-7DA6592079E5}.Debug|Any CPU.ActiveCfg = Debug|Any CPU
		{4D383669-C6FA-49FD-A982-7DA6592079E5}.Debug|Any CPU.Build.0 = Debug|Any CPU
		{4D383669-C6FA-49FD-A982-7DA6592079E5}.Release|Any CPU.ActiveCfg = Release|Any CPU
		{4D383669-C6FA-49FD-A982-7DA6592079E5}.Release|Any CPU.Build.0 = Release|Any CPU
		{FB4958B7-8558-406A-9581-1CFCF60112D4}.Debug|Any CPU.ActiveCfg = Debug|Any CPU
		{FB4958B7-8558-406A-9581-1CFCF60112D4}.Debug|Any CPU.Build.0 = Debug|Any CPU
		{FB4958B7-8558-406A-9581-1CFCF60112D4}.Release|Any CPU.ActiveCfg = Release|Any CPU
		{FB4958B7-8558-406A-9581-1CFCF60112D4}.Release|Any CPU.Build.0 = Release|Any CPU
		{93D2E87E-F018-41C6-A71E-E0459B03B262}.Debug|Any CPU.ActiveCfg = Debug|Any CPU
		{93D2E87E-F018-41C6-A71E-E0459B03B262}.Debug|Any CPU.Build.0 = Debug|Any CPU
		{93D2E87E-F018-41C6-A71E-E0459B03B262}.Release|Any CPU.ActiveCfg = Release|Any CPU
		{93D2E87E-F018-41C6-A71E-E0459B03B262}.Release|Any CPU.Build.0 = Release|Any CPU
		{AA79C9B8-BCC1-412B-A555-7DFBFE7D681B}.Debug|Any CPU.ActiveCfg = Debug|Any CPU
		{AA79C9B8-BCC1-412B-A555-7DFBFE7D681B}.Debug|Any CPU.Build.0 = Debug|Any CPU
		{AA79C9B8-BCC1-412B-A555-7DFBFE7D681B}.Release|Any CPU.ActiveCfg = Release|Any CPU
		{AA79C9B8-BCC1-412B-A555-7DFBFE7D681B}.Release|Any CPU.Build.0 = Release|Any CPU
		{AD9BAA97-E5C6-400A-8F48-A4DAC8D625B4}.Debug|Any CPU.ActiveCfg = Debug|Any CPU
		{AD9BAA97-E5C6-400A-8F48-A4DAC8D625B4}.Debug|Any CPU.Build.0 = Debug|Any CPU
		{AD9BAA97-E5C6-400A-8F48-A4DAC8D625B4}.Release|Any CPU.ActiveCfg = Release|Any CPU
		{AD9BAA97-E5C6-400A-8F48-A4DAC8D625B4}.Release|Any CPU.Build.0 = Release|Any CPU
		{D6D3CFBE-B7DE-4F59-86B4-422098F678F7}.Debug|Any CPU.ActiveCfg = Debug|Any CPU
		{D6D3CFBE-B7DE-4F59-86B4-422098F678F7}.Debug|Any CPU.Build.0 = Debug|Any CPU
		{D6D3CFBE-B7DE-4F59-86B4-422098F678F7}.Release|Any CPU.ActiveCfg = Release|Any CPU
		{D6D3CFBE-B7DE-4F59-86B4-422098F678F7}.Release|Any CPU.Build.0 = Release|Any CPU
		{055E5DF8-D0B0-44EE-AFD7-1106D01C94CC}.Debug|Any CPU.ActiveCfg = Debug|Any CPU
		{055E5DF8-D0B0-44EE-AFD7-1106D01C94CC}.Debug|Any CPU.Build.0 = Debug|Any CPU
		{055E5DF8-D0B0-44EE-AFD7-1106D01C94CC}.Release|Any CPU.ActiveCfg = Release|Any CPU
		{055E5DF8-D0B0-44EE-AFD7-1106D01C94CC}.Release|Any CPU.Build.0 = Release|Any CPU
		{253F002D-65A1-4425-A014-C89D3477EA17}.Debug|Any CPU.ActiveCfg = Debug|Any CPU
		{253F002D-65A1-4425-A014-C89D3477EA17}.Debug|Any CPU.Build.0 = Debug|Any CPU
		{253F002D-65A1-4425-A014-C89D3477EA17}.Release|Any CPU.ActiveCfg = Release|Any CPU
		{253F002D-65A1-4425-A014-C89D3477EA17}.Release|Any CPU.Build.0 = Release|Any CPU
		{46E15A2D-BF9E-461C-B7DD-C28247D0D451}.Debug|Any CPU.ActiveCfg = Debug|Any CPU
		{46E15A2D-BF9E-461C-B7DD-C28247D0D451}.Debug|Any CPU.Build.0 = Debug|Any CPU
		{46E15A2D-BF9E-461C-B7DD-C28247D0D451}.Release|Any CPU.ActiveCfg = Release|Any CPU
		{46E15A2D-BF9E-461C-B7DD-C28247D0D451}.Release|Any CPU.Build.0 = Release|Any CPU
		{2F03CEAF-A434-4D03-A626-18705632C53C}.Debug|Any CPU.ActiveCfg = Debug|Any CPU
		{2F03CEAF-A434-4D03-A626-18705632C53C}.Debug|Any CPU.Build.0 = Debug|Any CPU
		{2F03CEAF-A434-4D03-A626-18705632C53C}.Release|Any CPU.ActiveCfg = Release|Any CPU
		{2F03CEAF-A434-4D03-A626-18705632C53C}.Release|Any CPU.Build.0 = Release|Any CPU
		{2344BED5-9CF2-40A8-B722-FFD1D554296C}.Debug|Any CPU.ActiveCfg = Debug|Any CPU
		{2344BED5-9CF2-40A8-B722-FFD1D554296C}.Debug|Any CPU.Build.0 = Debug|Any CPU
		{2344BED5-9CF2-40A8-B722-FFD1D554296C}.Release|Any CPU.ActiveCfg = Release|Any CPU
		{2344BED5-9CF2-40A8-B722-FFD1D554296C}.Release|Any CPU.Build.0 = Release|Any CPU
		{285AB8B3-EE8A-4C84-B415-76F547F4D9C8}.Debug|Any CPU.ActiveCfg = Debug|Any CPU
		{285AB8B3-EE8A-4C84-B415-76F547F4D9C8}.Debug|Any CPU.Build.0 = Debug|Any CPU
		{285AB8B3-EE8A-4C84-B415-76F547F4D9C8}.Release|Any CPU.ActiveCfg = Release|Any CPU
		{285AB8B3-EE8A-4C84-B415-76F547F4D9C8}.Release|Any CPU.Build.0 = Release|Any CPU
	EndGlobalSection
	GlobalSection(SolutionProperties) = preSolution
		HideSolutionNode = FALSE
	EndGlobalSection
	GlobalSection(ExtensibilityGlobals) = postSolution
		SolutionGuid = {AE2B1703-134F-4B41-BFEE-9BA1727C3D75}
	EndGlobalSection
EndGlobal
