
Microsoft Visual Studio Solution File, Format Version 12.00
# Visual Studio 15
VisualStudioVersion = 15.0.28307.572
MinimumVisualStudioVersion = 10.0.40219.1
Project("{FAE04EC0-301F-11D3-BF4B-00C04F79EFBC}") = "1000_zadach_po_programmirovaniyu_BOOLEAN", "1000_zadach_po_programmirovaniyu_BOOLEAN\1000_zadach_po_programmirovaniyu_BOOLEAN.csproj", "{2905D9DE-0112-4F04-B073-4906E721E0DD}"
EndProject
Project("{FAE04EC0-301F-11D3-BF4B-00C04F79EFBC}") = "001_BOOLEAN", "001_BOOLEAN\001_BOOLEAN.csproj", "{FB8E440E-2B74-40D4-A539-AC72D247A5FF}"
EndProject
Project("{FAE04EC0-301F-11D3-BF4B-00C04F79EFBC}") = "002_BOOLEAN", "002_BOOLEAN\002_BOOLEAN.csproj", "{983C0D72-49CC-4F59-8E98-63D14792931D}"
EndProject
Project("{FAE04EC0-301F-11D3-BF4B-00C04F79EFBC}") = "003_BOOLEAN", "003_BOOLEAN\003_BOOLEAN.csproj", "{4D383669-C6FA-49FD-A982-7DA6592079E5}"
EndProject
Project("{FAE04EC0-301F-11D3-BF4B-00C04F79EFBC}") = "004_BOOLEAN", "004_BOOLEAN\004_BOOLEAN.csproj", "{FB4958B7-8558-406A-9581-1CFCF60112D4}"
EndProject
Project("{FAE04EC0-301F-11D3-BF4B-00C04F79EFBC}") = "005_BOOLEAN", "005_BOOLEAN\005_BOOLEAN.csproj", "{93D2E87E-F018-41C6-A71E-E0459B03B262}"
EndProject
Project("{FAE04EC0-301F-11D3-BF4B-00C04F79EFBC}") = "006_BOOLEAN", "006_BOOLEAN\006_BOOLEAN.csproj", "{AA79C9B8-BCC1-412B-A555-7DFBFE7D681B}"
EndProject
Project("{FAE04EC0-301F-11D3-BF4B-00C04F79EFBC}") = "007_BOOLEAN", "007_BOOLEAN\007_BOOLEAN.csproj", "{AD9BAA97-E5C6-400A-8F48-A4DAC8D625B4}"
EndProject
Project("{FAE04EC0-301F-11D3-BF4B-00C04F79EFBC}") = "008_BOOLEAN", "008_BOOLEAN\008_BOOLEAN.csproj", "{D6D3CFBE-B7DE-4F59-86B4-422098F678F7}"
EndProject
Project("{FAE04EC0-301F-11D3-BF4B-00C04F79EFBC}") = "009_BOOLEAN", "009_BOOLEAN\009_BOOLEAN.csproj", "{055E5DF8-D0B0-44EE-AFD7-1106D01C94CC}"
EndProject
Project("{FAE04EC0-301F-11D3-BF4B-00C04F79EFBC}") = "010_BOOLEAN", "010_BOOLEAN\010_BOOLEAN.csproj", "{253F002D-65A1-4425-A014-C89D3477EA17}"
EndProject
Project("{FAE04EC0-301F-11D3-BF4B-00C04F79EFBC}") = "011_BOOLEAN", "011_BOOLEAN\011_BOOLEAN.csproj", "{46E15A2D-BF9E-461C-B7DD-C28247D0D451}"
EndProject
Project("{FAE04EC0-301F-11D3-BF4B-00C04F79EFBC}") = "012_BOOLEAN", "012_BOOLEAN\012_BOOLEAN.csproj", "{2F03CEAF-A434-4D03-A626-18705632C53C}"
EndProject
Project("{FAE04EC0-301F-11D3-BF4B-00C04F79EFBC}") = "013_BOOLEAN", "013_BOOLEAN\013_BOOLEAN.csproj", "{2344BED5-9CF2-40A8-B722-FFD1D554296C}"
EndProject
Project("{FAE04EC0-301F-11D3-BF4B-00C04F79EFBC}") = "014_BOOLEAN", "014_BOOLEAN\014_BOOLEAN.csproj", "{285AB8B3-EE8A-4C84-B415-76F547F4D9C8}"
EndProject
Project("{FAE04EC0-301F-11D3-BF4B-00C04F79EFBC}") = "015_BOOLEAN", "015_BOOLEAN\015_BOOLEAN.csproj", "{2C9AA413-AA4E-44A1-B090-C4771EB3A37C}"
EndProject
Project("{FAE04EC0-301F-11D3-BF4B-00C04F79EFBC}") = "016_BOOLEAN", "016_BOOLEAN\016_BOOLEAN.csproj", "{2E1DB643-4BFB-4A41-A074-5D884B41A748}"
EndProject
Project("{FAE04EC0-301F-11D3-BF4B-00C04F79EFBC}") = "017_BOOLEAN", "017_BOOLEAN\017_BOOLEAN.csproj", "{81B53353-86D8-4750-BD73-F87CF44F1C45}"
EndProject
Project("{FAE04EC0-301F-11D3-BF4B-00C04F79EFBC}") = "018_BOOLEAN", "018_BOOLEAN\018_BOOLEAN.csproj", "{758882C1-AB3B-4B86-9F4C-FD64F539A797}"
EndProject
Project("{FAE04EC0-301F-11D3-BF4B-00C04F79EFBC}") = "019_BOOLEAN", "019_BOOLEAN\019_BOOLEAN.csproj", "{AF9C0713-1DFD-4318-AAF1-E9F442AB956F}"
EndProject
Project("{FAE04EC0-301F-11D3-BF4B-00C04F79EFBC}") = "020_BOOLEAN", "020_BOOLEAN\020_BOOLEAN.csproj", "{129CBADA-6F02-4BC7-9411-E5EF6798CDBA}"
EndProject
Project("{FAE04EC0-301F-11D3-BF4B-00C04F79EFBC}") = "021_BOOLEAN", "021_BOOLEAN\021_BOOLEAN.csproj", "{29AE289B-E911-4A38-952D-47EF563F5182}"
EndProject
Project("{FAE04EC0-301F-11D3-BF4B-00C04F79EFBC}") = "022_BOOLEAN", "022_BOOLEAN\022_BOOLEAN.csproj", "{A37BD7CA-F9EF-4CE5-9CF3-F5F573765E4C}"
EndProject
Project("{FAE04EC0-301F-11D3-BF4B-00C04F79EFBC}") = "023_BOOLEAN", "023_BOOLEAN\023_BOOLEAN.csproj", "{CC4087E8-805D-4F3C-B189-A53700FCA1D3}"
EndProject
Project("{FAE04EC0-301F-11D3-BF4B-00C04F79EFBC}") = "024_BOOLEAN", "024_BOOLEAN\024_BOOLEAN.csproj", "{DA17CF81-D462-4E12-A16F-1DC2489AEE54}"
EndProject
Project("{FAE04EC0-301F-11D3-BF4B-00C04F79EFBC}") = "025_BOOLEAN", "025_BOOLEAN\025_BOOLEAN.csproj", "{E91AECD7-4E21-4326-88A8-B4AF5EA39263}"
EndProject
Project("{FAE04EC0-301F-11D3-BF4B-00C04F79EFBC}") = "026_BOOLEAN", "026_BOOLEAN\026_BOOLEAN.csproj", "{2A52EE24-8E28-474B-93C5-328D3A4C67BA}"
EndProject
Project("{FAE04EC0-301F-11D3-BF4B-00C04F79EFBC}") = "027_BOOLEAN", "027_BOOLEAN\027_BOOLEAN.csproj", "{724E1E65-9661-4ACB-86E0-B991F255380D}"
EndProject
Project("{FAE04EC0-301F-11D3-BF4B-00C04F79EFBC}") = "028_BOOLEAN", "028_BOOLEAN\028_BOOLEAN.csproj", "{AB4BA219-5F41-4DEB-AA63-1C8BB8A8E41A}"
EndProject
Project("{FAE04EC0-301F-11D3-BF4B-00C04F79EFBC}") = "029_BOOLEAN", "029_BOOLEAN\029_BOOLEAN.csproj", "{67FB6451-DE99-4ABF-97B8-05AB1290F15F}"
EndProject
Project("{FAE04EC0-301F-11D3-BF4B-00C04F79EFBC}") = "030_BOOLEAN", "030_BOOLEAN\030_BOOLEAN.csproj", "{90097CFB-A559-464C-91C7-34F82B093011}"
EndProject
Project("{FAE04EC0-301F-11D3-BF4B-00C04F79EFBC}") = "031_BOOLEAN", "031_BOOLEAN\031_BOOLEAN.csproj", "{5892A986-2F4F-424B-8363-DA04C024759B}"
EndProject
Project("{FAE04EC0-301F-11D3-BF4B-00C04F79EFBC}") = "032_BOOLEAN", "032_BOOLEAN\032_BOOLEAN.csproj", "{A1BFCCB9-F34E-4188-8BE8-A8B53E9DB152}"
EndProject
Project("{FAE04EC0-301F-11D3-BF4B-00C04F79EFBC}") = "033_BOOLEAN", "033_BOOLEAN\033_BOOLEAN.csproj", "{F0D52FC3-A7B7-4206-A51A-55B376F0DFB7}"
EndProject
Project("{FAE04EC0-301F-11D3-BF4B-00C04F79EFBC}") = "034_BOOLEAN", "034_BOOLEAN\034_BOOLEAN.csproj", "{5BC49D24-C8A0-4EFC-82DF-EBBA9577439A}"
EndProject
Project("{FAE04EC0-301F-11D3-BF4B-00C04F79EFBC}") = "035_BOOLEAN", "035_BOOLEAN\035_BOOLEAN.csproj", "{EDAEAD1E-252B-4361-86D0-3EB7F78D38B5}"
EndProject
Project("{FAE04EC0-301F-11D3-BF4B-00C04F79EFBC}") = "036_BOOLEAN", "036_BOOLEAN\036_BOOLEAN.csproj", "{F7FAB07A-5344-4511-AFAA-E1439D01523D}"
EndProject
Project("{FAE04EC0-301F-11D3-BF4B-00C04F79EFBC}") = "037_BOOLEAN", "037_BOOLEAN\037_BOOLEAN.csproj", "{A3EE35F0-4CE2-4054-8715-67B31DD03DFE}"
EndProject
Project("{FAE04EC0-301F-11D3-BF4B-00C04F79EFBC}") = "038_BOOLEAN", "038_BOOLEAN\038_BOOLEAN.csproj", "{2C718794-0B3E-449D-BBF5-797129124608}"
EndProject
Project("{FAE04EC0-301F-11D3-BF4B-00C04F79EFBC}") = "039_BOOLEAN", "039_BOOLEAN\039_BOOLEAN.csproj", "{6DB70D59-625F-47C2-8A23-294A688926F4}"
EndProject
Project("{FAE04EC0-301F-11D3-BF4B-00C04F79EFBC}") = "040_BOOLEAN", "040_BOOLEAN\040_BOOLEAN.csproj", "{B0B66BFE-C113-4053-A2C0-930813C6B3F2}"
EndProject
Global
	GlobalSection(SolutionConfigurationPlatforms) = preSolution
		Debug|Any CPU = Debug|Any CPU
		Release|Any CPU = Release|Any CPU
	EndGlobalSection
	GlobalSection(ProjectConfigurationPlatforms) = postSolution
		{2905D9DE-0112-4F04-B073-4906E721E0DD}.Debug|Any CPU.ActiveCfg = Debug|Any CPU
		{2905D9DE-0112-4F04-B073-4906E721E0DD}.Debug|Any CPU.Build.0 = Debug|Any CPU
		{2905D9DE-0112-4F04-B073-4906E721E0DD}.Release|Any CPU.ActiveCfg = Release|Any CPU
		{2905D9DE-0112-4F04-B073-4906E721E0DD}.Release|Any CPU.Build.0 = Release|Any CPU
		{FB8E440E-2B74-40D4-A539-AC72D247A5FF}.Debug|Any CPU.ActiveCfg = Debug|Any CPU
		{FB8E440E-2B74-40D4-A539-AC72D247A5FF}.Debug|Any CPU.Build.0 = Debug|Any CPU
		{FB8E440E-2B74-40D4-A539-AC72D247A5FF}.Release|Any CPU.ActiveCfg = Release|Any CPU
		{FB8E440E-2B74-40D4-A539-AC72D247A5FF}.Release|Any CPU.Build.0 = Release|Any CPU
		{983C0D72-49CC-4F59-8E98-63D14792931D}.Debug|Any CPU.ActiveCfg = Debug|Any CPU
		{983C0D72-49CC-4F59-8E98-63D14792931D}.Debug|Any CPU.Build.0 = Debug|Any CPU
		{983C0D72-49CC-4F59-8E98-63D14792931D}.Release|Any CPU.ActiveCfg = Release|Any CPU
		{983C0D72-49CC-4F59-8E98-63D14792931D}.Release|Any CPU.Build.0 = Release|Any CPU
		{4D383669-C6FA-49FD-A982-7DA6592079E5}.Debug|Any CPU.ActiveCfg = Debug|Any CPU
		{4D383669-C6FA-49FD-A982-7DA6592079E5}.Debug|Any CPU.Build.0 = Debug|Any CPU
		{4D383669-C6FA-49FD-A982-7DA6592079E5}.Release|Any CPU.ActiveCfg = Release|Any CPU
		{4D383669-C6FA-49FD-A982-7DA6592079E5}.Release|Any CPU.Build.0 = Release|Any CPU
		{FB4958B7-8558-406A-9581-1CFCF60112D4}.Debug|Any CPU.ActiveCfg = Debug|Any CPU
		{FB4958B7-8558-406A-9581-1CFCF60112D4}.Debug|Any CPU.Build.0 = Debug|Any CPU
		{FB4958B7-8558-406A-9581-1CFCF60112D4}.Release|Any CPU.ActiveCfg = Release|Any CPU
		{FB4958B7-8558-406A-9581-1CFCF60112D4}.Release|Any CPU.Build.0 = Release|Any CPU
		{93D2E87E-F018-41C6-A71E-E0459B03B262}.Debug|Any CPU.ActiveCfg = Debug|Any CPU
		{93D2E87E-F018-41C6-A71E-E0459B03B262}.Debug|Any CPU.Build.0 = Debug|Any CPU
		{93D2E87E-F018-41C6-A71E-E0459B03B262}.Release|Any CPU.ActiveCfg = Release|Any CPU
		{93D2E87E-F018-41C6-A71E-E0459B03B262}.Release|Any CPU.Build.0 = Release|Any CPU
		{AA79C9B8-BCC1-412B-A555-7DFBFE7D681B}.Debug|Any CPU.ActiveCfg = Debug|Any CPU
		{AA79C9B8-BCC1-412B-A555-7DFBFE7D681B}.Debug|Any CPU.Build.0 = Debug|Any CPU
		{AA79C9B8-BCC1-412B-A555-7DFBFE7D681B}.Release|Any CPU.ActiveCfg = Release|Any CPU
		{AA79C9B8-BCC1-412B-A555-7DFBFE7D681B}.Release|Any CPU.Build.0 = Release|Any CPU
		{AD9BAA97-E5C6-400A-8F48-A4DAC8D625B4}.Debug|Any CPU.ActiveCfg = Debug|Any CPU
		{AD9BAA97-E5C6-400A-8F48-A4DAC8D625B4}.Debug|Any CPU.Build.0 = Debug|Any CPU
		{AD9BAA97-E5C6-400A-8F48-A4DAC8D625B4}.Release|Any CPU.ActiveCfg = Release|Any CPU
		{AD9BAA97-E5C6-400A-8F48-A4DAC8D625B4}.Release|Any CPU.Build.0 = Release|Any CPU
		{D6D3CFBE-B7DE-4F59-86B4-422098F678F7}.Debug|Any CPU.ActiveCfg = Debug|Any CPU
		{D6D3CFBE-B7DE-4F59-86B4-422098F678F7}.Debug|Any CPU.Build.0 = Debug|Any CPU
		{D6D3CFBE-B7DE-4F59-86B4-422098F678F7}.Release|Any CPU.ActiveCfg = Release|Any CPU
		{D6D3CFBE-B7DE-4F59-86B4-422098F678F7}.Release|Any CPU.Build.0 = Release|Any CPU
		{055E5DF8-D0B0-44EE-AFD7-1106D01C94CC}.Debug|Any CPU.ActiveCfg = Debug|Any CPU
		{055E5DF8-D0B0-44EE-AFD7-1106D01C94CC}.Debug|Any CPU.Build.0 = Debug|Any CPU
		{055E5DF8-D0B0-44EE-AFD7-1106D01C94CC}.Release|Any CPU.ActiveCfg = Release|Any CPU
		{055E5DF8-D0B0-44EE-AFD7-1106D01C94CC}.Release|Any CPU.Build.0 = Release|Any CPU
		{253F002D-65A1-4425-A014-C89D3477EA17}.Debug|Any CPU.ActiveCfg = Debug|Any CPU
		{253F002D-65A1-4425-A014-C89D3477EA17}.Debug|Any CPU.Build.0 = Debug|Any CPU
		{253F002D-65A1-4425-A014-C89D3477EA17}.Release|Any CPU.ActiveCfg = Release|Any CPU
		{253F002D-65A1-4425-A014-C89D3477EA17}.Release|Any CPU.Build.0 = Release|Any CPU
		{46E15A2D-BF9E-461C-B7DD-C28247D0D451}.Debug|Any CPU.ActiveCfg = Debug|Any CPU
		{46E15A2D-BF9E-461C-B7DD-C28247D0D451}.Debug|Any CPU.Build.0 = Debug|Any CPU
		{46E15A2D-BF9E-461C-B7DD-C28247D0D451}.Release|Any CPU.ActiveCfg = Release|Any CPU
		{46E15A2D-BF9E-461C-B7DD-C28247D0D451}.Release|Any CPU.Build.0 = Release|Any CPU
		{2F03CEAF-A434-4D03-A626-18705632C53C}.Debug|Any CPU.ActiveCfg = Debug|Any CPU
		{2F03CEAF-A434-4D03-A626-18705632C53C}.Debug|Any CPU.Build.0 = Debug|Any CPU
		{2F03CEAF-A434-4D03-A626-18705632C53C}.Release|Any CPU.ActiveCfg = Release|Any CPU
		{2F03CEAF-A434-4D03-A626-18705632C53C}.Release|Any CPU.Build.0 = Release|Any CPU
		{2344BED5-9CF2-40A8-B722-FFD1D554296C}.Debug|Any CPU.ActiveCfg = Debug|Any CPU
		{2344BED5-9CF2-40A8-B722-FFD1D554296C}.Debug|Any CPU.Build.0 = Debug|Any CPU
		{2344BED5-9CF2-40A8-B722-FFD1D554296C}.Release|Any CPU.ActiveCfg = Release|Any CPU
		{2344BED5-9CF2-40A8-B722-FFD1D554296C}.Release|Any CPU.Build.0 = Release|Any CPU
		{285AB8B3-EE8A-4C84-B415-76F547F4D9C8}.Debug|Any CPU.ActiveCfg = Debug|Any CPU
		{285AB8B3-EE8A-4C84-B415-76F547F4D9C8}.Debug|Any CPU.Build.0 = Debug|Any CPU
		{285AB8B3-EE8A-4C84-B415-76F547F4D9C8}.Release|Any CPU.ActiveCfg = Release|Any CPU
		{285AB8B3-EE8A-4C84-B415-76F547F4D9C8}.Release|Any CPU.Build.0 = Release|Any CPU
		{2C9AA413-AA4E-44A1-B090-C4771EB3A37C}.Debug|Any CPU.ActiveCfg = Debug|Any CPU
		{2C9AA413-AA4E-44A1-B090-C4771EB3A37C}.Debug|Any CPU.Build.0 = Debug|Any CPU
		{2C9AA413-AA4E-44A1-B090-C4771EB3A37C}.Release|Any CPU.ActiveCfg = Release|Any CPU
		{2C9AA413-AA4E-44A1-B090-C4771EB3A37C}.Release|Any CPU.Build.0 = Release|Any CPU
		{2E1DB643-4BFB-4A41-A074-5D884B41A748}.Debug|Any CPU.ActiveCfg = Debug|Any CPU
		{2E1DB643-4BFB-4A41-A074-5D884B41A748}.Debug|Any CPU.Build.0 = Debug|Any CPU
		{2E1DB643-4BFB-4A41-A074-5D884B41A748}.Release|Any CPU.ActiveCfg = Release|Any CPU
		{2E1DB643-4BFB-4A41-A074-5D884B41A748}.Release|Any CPU.Build.0 = Release|Any CPU
		{81B53353-86D8-4750-BD73-F87CF44F1C45}.Debug|Any CPU.ActiveCfg = Debug|Any CPU
		{81B53353-86D8-4750-BD73-F87CF44F1C45}.Debug|Any CPU.Build.0 = Debug|Any CPU
		{81B53353-86D8-4750-BD73-F87CF44F1C45}.Release|Any CPU.ActiveCfg = Release|Any CPU
		{81B53353-86D8-4750-BD73-F87CF44F1C45}.Release|Any CPU.Build.0 = Release|Any CPU
		{758882C1-AB3B-4B86-9F4C-FD64F539A797}.Debug|Any CPU.ActiveCfg = Debug|Any CPU
		{758882C1-AB3B-4B86-9F4C-FD64F539A797}.Debug|Any CPU.Build.0 = Debug|Any CPU
		{758882C1-AB3B-4B86-9F4C-FD64F539A797}.Release|Any CPU.ActiveCfg = Release|Any CPU
		{758882C1-AB3B-4B86-9F4C-FD64F539A797}.Release|Any CPU.Build.0 = Release|Any CPU
		{AF9C0713-1DFD-4318-AAF1-E9F442AB956F}.Debug|Any CPU.ActiveCfg = Debug|Any CPU
		{AF9C0713-1DFD-4318-AAF1-E9F442AB956F}.Debug|Any CPU.Build.0 = Debug|Any CPU
		{AF9C0713-1DFD-4318-AAF1-E9F442AB956F}.Release|Any CPU.ActiveCfg = Release|Any CPU
		{AF9C0713-1DFD-4318-AAF1-E9F442AB956F}.Release|Any CPU.Build.0 = Release|Any CPU
		{129CBADA-6F02-4BC7-9411-E5EF6798CDBA}.Debug|Any CPU.ActiveCfg = Debug|Any CPU
		{129CBADA-6F02-4BC7-9411-E5EF6798CDBA}.Debug|Any CPU.Build.0 = Debug|Any CPU
		{129CBADA-6F02-4BC7-9411-E5EF6798CDBA}.Release|Any CPU.ActiveCfg = Release|Any CPU
		{129CBADA-6F02-4BC7-9411-E5EF6798CDBA}.Release|Any CPU.Build.0 = Release|Any CPU
		{29AE289B-E911-4A38-952D-47EF563F5182}.Debug|Any CPU.ActiveCfg = Debug|Any CPU
		{29AE289B-E911-4A38-952D-47EF563F5182}.Debug|Any CPU.Build.0 = Debug|Any CPU
		{29AE289B-E911-4A38-952D-47EF563F5182}.Release|Any CPU.ActiveCfg = Release|Any CPU
		{29AE289B-E911-4A38-952D-47EF563F5182}.Release|Any CPU.Build.0 = Release|Any CPU
		{A37BD7CA-F9EF-4CE5-9CF3-F5F573765E4C}.Debug|Any CPU.ActiveCfg = Debug|Any CPU
		{A37BD7CA-F9EF-4CE5-9CF3-F5F573765E4C}.Debug|Any CPU.Build.0 = Debug|Any CPU
		{A37BD7CA-F9EF-4CE5-9CF3-F5F573765E4C}.Release|Any CPU.ActiveCfg = Release|Any CPU
		{A37BD7CA-F9EF-4CE5-9CF3-F5F573765E4C}.Release|Any CPU.Build.0 = Release|Any CPU
		{CC4087E8-805D-4F3C-B189-A53700FCA1D3}.Debug|Any CPU.ActiveCfg = Debug|Any CPU
		{CC4087E8-805D-4F3C-B189-A53700FCA1D3}.Debug|Any CPU.Build.0 = Debug|Any CPU
		{CC4087E8-805D-4F3C-B189-A53700FCA1D3}.Release|Any CPU.ActiveCfg = Release|Any CPU
		{CC4087E8-805D-4F3C-B189-A53700FCA1D3}.Release|Any CPU.Build.0 = Release|Any CPU
		{DA17CF81-D462-4E12-A16F-1DC2489AEE54}.Debug|Any CPU.ActiveCfg = Debug|Any CPU
		{DA17CF81-D462-4E12-A16F-1DC2489AEE54}.Debug|Any CPU.Build.0 = Debug|Any CPU
		{DA17CF81-D462-4E12-A16F-1DC2489AEE54}.Release|Any CPU.ActiveCfg = Release|Any CPU
		{DA17CF81-D462-4E12-A16F-1DC2489AEE54}.Release|Any CPU.Build.0 = Release|Any CPU
		{E91AECD7-4E21-4326-88A8-B4AF5EA39263}.Debug|Any CPU.ActiveCfg = Debug|Any CPU
		{E91AECD7-4E21-4326-88A8-B4AF5EA39263}.Debug|Any CPU.Build.0 = Debug|Any CPU
		{E91AECD7-4E21-4326-88A8-B4AF5EA39263}.Release|Any CPU.ActiveCfg = Release|Any CPU
		{E91AECD7-4E21-4326-88A8-B4AF5EA39263}.Release|Any CPU.Build.0 = Release|Any CPU
		{2A52EE24-8E28-474B-93C5-328D3A4C67BA}.Debug|Any CPU.ActiveCfg = Debug|Any CPU
		{2A52EE24-8E28-474B-93C5-328D3A4C67BA}.Debug|Any CPU.Build.0 = Debug|Any CPU
		{2A52EE24-8E28-474B-93C5-328D3A4C67BA}.Release|Any CPU.ActiveCfg = Release|Any CPU
		{2A52EE24-8E28-474B-93C5-328D3A4C67BA}.Release|Any CPU.Build.0 = Release|Any CPU
		{724E1E65-9661-4ACB-86E0-B991F255380D}.Debug|Any CPU.ActiveCfg = Debug|Any CPU
		{724E1E65-9661-4ACB-86E0-B991F255380D}.Debug|Any CPU.Build.0 = Debug|Any CPU
		{724E1E65-9661-4ACB-86E0-B991F255380D}.Release|Any CPU.ActiveCfg = Release|Any CPU
		{724E1E65-9661-4ACB-86E0-B991F255380D}.Release|Any CPU.Build.0 = Release|Any CPU
		{AB4BA219-5F41-4DEB-AA63-1C8BB8A8E41A}.Debug|Any CPU.ActiveCfg = Debug|Any CPU
		{AB4BA219-5F41-4DEB-AA63-1C8BB8A8E41A}.Debug|Any CPU.Build.0 = Debug|Any CPU
		{AB4BA219-5F41-4DEB-AA63-1C8BB8A8E41A}.Release|Any CPU.ActiveCfg = Release|Any CPU
		{AB4BA219-5F41-4DEB-AA63-1C8BB8A8E41A}.Release|Any CPU.Build.0 = Release|Any CPU
		{67FB6451-DE99-4ABF-97B8-05AB1290F15F}.Debug|Any CPU.ActiveCfg = Debug|Any CPU
		{67FB6451-DE99-4ABF-97B8-05AB1290F15F}.Debug|Any CPU.Build.0 = Debug|Any CPU
		{67FB6451-DE99-4ABF-97B8-05AB1290F15F}.Release|Any CPU.ActiveCfg = Release|Any CPU
		{67FB6451-DE99-4ABF-97B8-05AB1290F15F}.Release|Any CPU.Build.0 = Release|Any CPU
		{90097CFB-A559-464C-91C7-34F82B093011}.Debug|Any CPU.ActiveCfg = Debug|Any CPU
		{90097CFB-A559-464C-91C7-34F82B093011}.Debug|Any CPU.Build.0 = Debug|Any CPU
		{90097CFB-A559-464C-91C7-34F82B093011}.Release|Any CPU.ActiveCfg = Release|Any CPU
		{90097CFB-A559-464C-91C7-34F82B093011}.Release|Any CPU.Build.0 = Release|Any CPU
		{5892A986-2F4F-424B-8363-DA04C024759B}.Debug|Any CPU.ActiveCfg = Debug|Any CPU
		{5892A986-2F4F-424B-8363-DA04C024759B}.Debug|Any CPU.Build.0 = Debug|Any CPU
		{5892A986-2F4F-424B-8363-DA04C024759B}.Release|Any CPU.ActiveCfg = Release|Any CPU
		{5892A986-2F4F-424B-8363-DA04C024759B}.Release|Any CPU.Build.0 = Release|Any CPU
		{A1BFCCB9-F34E-4188-8BE8-A8B53E9DB152}.Debug|Any CPU.ActiveCfg = Debug|Any CPU
		{A1BFCCB9-F34E-4188-8BE8-A8B53E9DB152}.Debug|Any CPU.Build.0 = Debug|Any CPU
		{A1BFCCB9-F34E-4188-8BE8-A8B53E9DB152}.Release|Any CPU.ActiveCfg = Release|Any CPU
		{A1BFCCB9-F34E-4188-8BE8-A8B53E9DB152}.Release|Any CPU.Build.0 = Release|Any CPU
		{F0D52FC3-A7B7-4206-A51A-55B376F0DFB7}.Debug|Any CPU.ActiveCfg = Debug|Any CPU
		{F0D52FC3-A7B7-4206-A51A-55B376F0DFB7}.Debug|Any CPU.Build.0 = Debug|Any CPU
		{F0D52FC3-A7B7-4206-A51A-55B376F0DFB7}.Release|Any CPU.ActiveCfg = Release|Any CPU
		{F0D52FC3-A7B7-4206-A51A-55B376F0DFB7}.Release|Any CPU.Build.0 = Release|Any CPU
		{5BC49D24-C8A0-4EFC-82DF-EBBA9577439A}.Debug|Any CPU.ActiveCfg = Debug|Any CPU
		{5BC49D24-C8A0-4EFC-82DF-EBBA9577439A}.Debug|Any CPU.Build.0 = Debug|Any CPU
		{5BC49D24-C8A0-4EFC-82DF-EBBA9577439A}.Release|Any CPU.ActiveCfg = Release|Any CPU
		{5BC49D24-C8A0-4EFC-82DF-EBBA9577439A}.Release|Any CPU.Build.0 = Release|Any CPU
		{EDAEAD1E-252B-4361-86D0-3EB7F78D38B5}.Debug|Any CPU.ActiveCfg = Debug|Any CPU
		{EDAEAD1E-252B-4361-86D0-3EB7F78D38B5}.Debug|Any CPU.Build.0 = Debug|Any CPU
		{EDAEAD1E-252B-4361-86D0-3EB7F78D38B5}.Release|Any CPU.ActiveCfg = Release|Any CPU
		{EDAEAD1E-252B-4361-86D0-3EB7F78D38B5}.Release|Any CPU.Build.0 = Release|Any CPU
		{F7FAB07A-5344-4511-AFAA-E1439D01523D}.Debug|Any CPU.ActiveCfg = Debug|Any CPU
		{F7FAB07A-5344-4511-AFAA-E1439D01523D}.Debug|Any CPU.Build.0 = Debug|Any CPU
		{F7FAB07A-5344-4511-AFAA-E1439D01523D}.Release|Any CPU.ActiveCfg = Release|Any CPU
		{F7FAB07A-5344-4511-AFAA-E1439D01523D}.Release|Any CPU.Build.0 = Release|Any CPU
		{A3EE35F0-4CE2-4054-8715-67B31DD03DFE}.Debug|Any CPU.ActiveCfg = Debug|Any CPU
		{A3EE35F0-4CE2-4054-8715-67B31DD03DFE}.Debug|Any CPU.Build.0 = Debug|Any CPU
		{A3EE35F0-4CE2-4054-8715-67B31DD03DFE}.Release|Any CPU.ActiveCfg = Release|Any CPU
		{A3EE35F0-4CE2-4054-8715-67B31DD03DFE}.Release|Any CPU.Build.0 = Release|Any CPU
		{2C718794-0B3E-449D-BBF5-797129124608}.Debug|Any CPU.ActiveCfg = Debug|Any CPU
		{2C718794-0B3E-449D-BBF5-797129124608}.Debug|Any CPU.Build.0 = Debug|Any CPU
		{2C718794-0B3E-449D-BBF5-797129124608}.Release|Any CPU.ActiveCfg = Release|Any CPU
		{2C718794-0B3E-449D-BBF5-797129124608}.Release|Any CPU.Build.0 = Release|Any CPU
		{6DB70D59-625F-47C2-8A23-294A688926F4}.Debug|Any CPU.ActiveCfg = Debug|Any CPU
		{6DB70D59-625F-47C2-8A23-294A688926F4}.Debug|Any CPU.Build.0 = Debug|Any CPU
		{6DB70D59-625F-47C2-8A23-294A688926F4}.Release|Any CPU.ActiveCfg = Release|Any CPU
		{6DB70D59-625F-47C2-8A23-294A688926F4}.Release|Any CPU.Build.0 = Release|Any CPU
		{B0B66BFE-C113-4053-A2C0-930813C6B3F2}.Debug|Any CPU.ActiveCfg = Debug|Any CPU
		{B0B66BFE-C113-4053-A2C0-930813C6B3F2}.Debug|Any CPU.Build.0 = Debug|Any CPU
		{B0B66BFE-C113-4053-A2C0-930813C6B3F2}.Release|Any CPU.ActiveCfg = Release|Any CPU
		{B0B66BFE-C113-4053-A2C0-930813C6B3F2}.Release|Any CPU.Build.0 = Release|Any CPU
	EndGlobalSection
	GlobalSection(SolutionProperties) = preSolution
		HideSolutionNode = FALSE
	EndGlobalSection
	GlobalSection(ExtensibilityGlobals) = postSolution
		SolutionGuid = {AE2B1703-134F-4B41-BFEE-9BA1727C3D75}
	EndGlobalSection
EndGlobal
